<?xml version="1.0" encoding="utf-8"?>
<Project ToolsVersion="4.0" xmlns="http://schemas.microsoft.com/developer/msbuild/2003">
  <ItemGroup>
    <ClInclude Include="Model.hpp" />
    <ClInclude Include="Visitor.hpp" />
  </ItemGroup>
  <ItemGroup>
    <ClCompile Include="Visitor.cpp" />
    <ClCompile Include="MultipleDispatchVisitor.cpp" />
  </ItemGroup>
</Project>