
Microsoft Visual Studio Solution File, Format Version 12.00
# Visual Studio Version 16
VisualStudioVersion = 16.0.30011.22
MinimumVisualStudioVersion = 10.0.40219.1
Project("{8BC9CEB8-8B4A-11D0-8D11-00A0C91BC942}") = "Bridge", "Bridge\Bridge.vcxproj", "{EC849B98-D8A1-4644-83BB-D790B21C4154}"
EndProject
Global
	GlobalSection(SolutionConfigurationPlatforms) = preSolution
		Debug|x64 = Debug|x64
		Debug|x86 = Debug|x86
		Release|x64 = Release|x64
		Release|x86 = Release|x86
	EndGlobalSection
	GlobalSection(ProjectConfigurationPlatforms) = postSolution
		{EC849B98-D8A1-4644-83BB-D790B21C4154}.Debug|x64.ActiveCfg = Debug|x64
		{EC849B98-D8A1-4644-83BB-D790B21C4154}.Debug|x64.Build.0 = Debug|x64
		{EC849B98-D8A1-4644-83BB-D790B21C4154}.Debug|x86.ActiveCfg = Debug|Win32
		{EC849B98-D8A1-4644-83BB-D790B21C4154}.Debug|x86.Build.0 = Debug|Win32
		{EC849B98-D8A1-4644-83BB-D790B21C4154}.Release|x64.ActiveCfg = Release|x64
		{EC849B98-D8A1-4644-83BB-D790B21C4154}.Release|x64.Build.0 = Release|x64
		{EC849B98-D8A1-4644-83BB-D790B21C4154}.Release|x86.ActiveCfg = Release|Win32
		{EC849B98-D8A1-4644-83BB-D790B21C4154}.Release|x86.Build.0 = Release|Win32
	EndGlobalSection
	GlobalSection(SolutionProperties) = preSolution
		HideSolutionNode = FALSE
	EndGlobalSection
	GlobalSection(ExtensibilityGlobals) = postSolution
		SolutionGuid = {640E179C-474D-4DC7-B257-3C9F7C77CFF0}
	EndGlobalSection
EndGlobal
